
Microsoft Visual Studio Solution File, Format Version 12.00
# Visual Studio Version 16
VisualStudioVersion = 16.0.30309.148
MinimumVisualStudioVersion = 10.0.40219.1
Project("{FAE04EC0-301F-11D3-BF4B-00C04F79EFBC}") = "BiFurcation", "BiFurcation\BiFurcation.csproj", "{55F1A5E1-57C0-4ECD-8732-FDAA255F8B7B}"
EndProject
Project("{FAE04EC0-301F-11D3-BF4B-00C04F79EFBC}") = "Updater", "Updater\Updater.csproj", "{DD9F15AB-4DC9-4C50-B0E4-8D731BDDD939}"
EndProject
Project("{FAE04EC0-301F-11D3-BF4B-00C04F79EFBC}") = "BifurcationCore", "BifurcationCore\BifurcationCore.csproj", "{4F168360-12EE-4EB6-AF47-448480233FB9}"
	ProjectSection(ProjectDependencies) = postProject
		{DD9F15AB-4DC9-4C50-B0E4-8D731BDDD939} = {DD9F15AB-4DC9-4C50-B0E4-8D731BDDD939}
		{55F1A5E1-57C0-4ECD-8732-FDAA255F8B7B} = {55F1A5E1-57C0-4ECD-8732-FDAA255F8B7B}
	EndProjectSection
EndProject
Global
	GlobalSection(SolutionConfigurationPlatforms) = preSolution
		Debug|Any CPU = Debug|Any CPU
		Release|Any CPU = Release|Any CPU
	EndGlobalSection
	GlobalSection(ProjectConfigurationPlatforms) = postSolution
		{55F1A5E1-57C0-4ECD-8732-FDAA255F8B7B}.Debug|Any CPU.ActiveCfg = Debug|Any CPU
		{55F1A5E1-57C0-4ECD-8732-FDAA255F8B7B}.Debug|Any CPU.Build.0 = Debug|Any CPU
		{55F1A5E1-57C0-4ECD-8732-FDAA255F8B7B}.Release|Any CPU.ActiveCfg = Release|Any CPU
		{55F1A5E1-57C0-4ECD-8732-FDAA255F8B7B}.Release|Any CPU.Build.0 = Release|Any CPU
		{DD9F15AB-4DC9-4C50-B0E4-8D731BDDD939}.Debug|Any CPU.ActiveCfg = Debug|Any CPU
		{DD9F15AB-4DC9-4C50-B0E4-8D731BDDD939}.Debug|Any CPU.Build.0 = Debug|Any CPU
		{DD9F15AB-4DC9-4C50-B0E4-8D731BDDD939}.Release|Any CPU.ActiveCfg = Release|Any CPU
		{DD9F15AB-4DC9-4C50-B0E4-8D731BDDD939}.Release|Any CPU.Build.0 = Release|Any CPU
		{4F168360-12EE-4EB6-AF47-448480233FB9}.Debug|Any CPU.ActiveCfg = Debug|Any CPU
		{4F168360-12EE-4EB6-AF47-448480233FB9}.Debug|Any CPU.Build.0 = Debug|Any CPU
		{4F168360-12EE-4EB6-AF47-448480233FB9}.Release|Any CPU.ActiveCfg = Release|Any CPU
		{4F168360-12EE-4EB6-AF47-448480233FB9}.Release|Any CPU.Build.0 = Release|Any CPU
	EndGlobalSection
	GlobalSection(SolutionProperties) = preSolution
		HideSolutionNode = FALSE
	EndGlobalSection
	GlobalSection(ExtensibilityGlobals) = postSolution
		SolutionGuid = {8AB29F5D-0F8B-474C-BF53-B13887345B54}
	EndGlobalSection
EndGlobal
